
Microsoft Visual Studio Solution File, Format Version 12.00
# Visual Studio Version 17
VisualStudioVersion = 17.6.33815.320
MinimumVisualStudioVersion = 10.0.40219.1
Project("{FAE04EC0-301F-11D3-BF4B-00C04F79EFBC}") = "RepositoryPattern", "RepositoryPattern\RepositoryPattern.csproj", "{4BB3602E-819A-440D-B534-985941382315}"
EndProject
Project("{FAE04EC0-301F-11D3-BF4B-00C04F79EFBC}") = "RepositoryPattern-Core", "RepositoryPattern-Core\RepositoryPattern-Core.csproj", "{C1EDACF4-9E7B-4245-9517-45EBA34F323F}"
EndProject
Project("{FAE04EC0-301F-11D3-BF4B-00C04F79EFBC}") = "RepositoryPattern-Repository", "RepositoryPattern-Repository\RepositoryPattern-Repository.csproj", "{2F89B68A-15DA-41B8-A56E-87D7AE9E957E}"
EndProject
Project("{FAE04EC0-301F-11D3-BF4B-00C04F79EFBC}") = "RepositoryPattern-Utilities", "RepositoryPattern-Utilities\RepositoryPattern-Utilities.csproj", "{5BD13FAE-5936-4AC2-B9D1-5065D2D4E1A3}"
EndProject
Project("{FAE04EC0-301F-11D3-BF4B-00C04F79EFBC}") = "ReposittoryPattern-Models", "ReposittoryPattern-Models\ReposittoryPattern-Models.csproj", "{20299219-E4F6-4B1C-BD4A-5DE94D73EC17}"
EndProject
Global
	GlobalSection(SolutionConfigurationPlatforms) = preSolution
		Debug|Any CPU = Debug|Any CPU
		Release|Any CPU = Release|Any CPU
	EndGlobalSection
	GlobalSection(ProjectConfigurationPlatforms) = postSolution
		{4BB3602E-819A-440D-B534-985941382315}.Debug|Any CPU.ActiveCfg = Debug|Any CPU
		{4BB3602E-819A-440D-B534-985941382315}.Debug|Any CPU.Build.0 = Debug|Any CPU
		{4BB3602E-819A-440D-B534-985941382315}.Release|Any CPU.ActiveCfg = Release|Any CPU
		{4BB3602E-819A-440D-B534-985941382315}.Release|Any CPU.Build.0 = Release|Any CPU
		{C1EDACF4-9E7B-4245-9517-45EBA34F323F}.Debug|Any CPU.ActiveCfg = Debug|Any CPU
		{C1EDACF4-9E7B-4245-9517-45EBA34F323F}.Debug|Any CPU.Build.0 = Debug|Any CPU
		{C1EDACF4-9E7B-4245-9517-45EBA34F323F}.Release|Any CPU.ActiveCfg = Release|Any CPU
		{C1EDACF4-9E7B-4245-9517-45EBA34F323F}.Release|Any CPU.Build.0 = Release|Any CPU
		{2F89B68A-15DA-41B8-A56E-87D7AE9E957E}.Debug|Any CPU.ActiveCfg = Debug|Any CPU
		{2F89B68A-15DA-41B8-A56E-87D7AE9E957E}.Debug|Any CPU.Build.0 = Debug|Any CPU
		{2F89B68A-15DA-41B8-A56E-87D7AE9E957E}.Release|Any CPU.ActiveCfg = Release|Any CPU
		{2F89B68A-15DA-41B8-A56E-87D7AE9E957E}.Release|Any CPU.Build.0 = Release|Any CPU
		{5BD13FAE-5936-4AC2-B9D1-5065D2D4E1A3}.Debug|Any CPU.ActiveCfg = Debug|Any CPU
		{5BD13FAE-5936-4AC2-B9D1-5065D2D4E1A3}.Debug|Any CPU.Build.0 = Debug|Any CPU
		{5BD13FAE-5936-4AC2-B9D1-5065D2D4E1A3}.Release|Any CPU.ActiveCfg = Release|Any CPU
		{5BD13FAE-5936-4AC2-B9D1-5065D2D4E1A3}.Release|Any CPU.Build.0 = Release|Any CPU
		{20299219-E4F6-4B1C-BD4A-5DE94D73EC17}.Debug|Any CPU.ActiveCfg = Debug|Any CPU
		{20299219-E4F6-4B1C-BD4A-5DE94D73EC17}.Debug|Any CPU.Build.0 = Debug|Any CPU
		{20299219-E4F6-4B1C-BD4A-5DE94D73EC17}.Release|Any CPU.ActiveCfg = Release|Any CPU
		{20299219-E4F6-4B1C-BD4A-5DE94D73EC17}.Release|Any CPU.Build.0 = Release|Any CPU
	EndGlobalSection
	GlobalSection(SolutionProperties) = preSolution
		HideSolutionNode = FALSE
	EndGlobalSection
	GlobalSection(ExtensibilityGlobals) = postSolution
		SolutionGuid = {F300494D-0916-46C5-8867-42B6DE951C21}
	EndGlobalSection
EndGlobal
